
Microsoft Visual Studio Solution File, Format Version 12.00
# Visual Studio Version 17
VisualStudioVersion = 17.4.33103.184
MinimumVisualStudioVersion = 10.0.40219.1
Project("{FAE04EC0-301F-11D3-BF4B-00C04F79EFBC}") = "API_TEST", "API_TEST\API_TEST.csproj", "{A8DE6D91-65B9-4AAE-B610-2A4196C9714C}"
EndProject
Global
	GlobalSection(SolutionConfigurationPlatforms) = preSolution
		Debug|Any CPU = Debug|Any CPU
		Release|Any CPU = Release|Any CPU
	EndGlobalSection
	GlobalSection(ProjectConfigurationPlatforms) = postSolution
		{A8DE6D91-65B9-4AAE-B610-2A4196C9714C}.Debug|Any CPU.ActiveCfg = Debug|Any CPU
		{A8DE6D91-65B9-4AAE-B610-2A4196C9714C}.Debug|Any CPU.Build.0 = Debug|Any CPU
		{A8DE6D91-65B9-4AAE-B610-2A4196C9714C}.Release|Any CPU.ActiveCfg = Release|Any CPU
		{A8DE6D91-65B9-4AAE-B610-2A4196C9714C}.Release|Any CPU.Build.0 = Release|Any CPU
	EndGlobalSection
	GlobalSection(SolutionProperties) = preSolution
		HideSolutionNode = FALSE
	EndGlobalSection
	GlobalSection(ExtensibilityGlobals) = postSolution
		SolutionGuid = {BA9DA738-00F3-4F4D-8F3A-4E4B5B25E866}
	EndGlobalSection
EndGlobal
